
Microsoft Visual Studio Solution File, Format Version 12.00
# Visual Studio Version 16
VisualStudioVersion = 16.0.29123.88
MinimumVisualStudioVersion = 10.0.40219.1
Project("{2150E333-8FDC-42A3-9474-1A3956D46DE8}") = "src", "src", "{9D2C4998-F90C-4ACC-9E83-97F797DAE8EE}"
EndProject
Project("{FAE04EC0-301F-11D3-BF4B-00C04F79EFBC}") = "OWML.Common", "OWML.Common\OWML.Common.csproj", "{3D1D2815-6487-4E67-AC3D-52AA7283E0C1}"
EndProject
Project("{9A19103F-16F7-4668-BE54-9A1E7A4F7556}") = "OWML.Logging", "OWML.Logging\OWML.Logging.csproj", "{5D09065B-0FB3-4E50-817B-34F1C290FAF2}"
EndProject
Project("{9A19103F-16F7-4668-BE54-9A1E7A4F7556}") = "OWML.Launcher", "OWML.Launcher\OWML.Launcher.csproj", "{F3E78951-F1DB-436E-B2D2-9F7AC2CEE7FA}"
EndProject
Project("{9A19103F-16F7-4668-BE54-9A1E7A4F7556}") = "OWML.ModHelper", "OWML.ModHelper\OWML.ModHelper.csproj", "{A91AC424-521F-4C43-81C7-9363A45DA154}"
EndProject
Project("{9A19103F-16F7-4668-BE54-9A1E7A4F7556}") = "OWML.Patcher", "OWML.Patcher\OWML.Patcher.csproj", "{75040195-8C9D-41B8-9A92-7643310EDC4C}"
EndProject
Project("{FAE04EC0-301F-11D3-BF4B-00C04F79EFBC}") = "OWML.Entry", "OWML.Entry\OWML.Entry.csproj", "{184447B7-9B63-470D-8F88-ACC502806529}"
EndProject
Project("{FAE04EC0-301F-11D3-BF4B-00C04F79EFBC}") = "OWML.Loader", "OWML.Loader\OWML.Loader.csproj", "{5204EF83-73F0-43F3-A780-6158BD7C9974}"
EndProject
Project("{FAE04EC0-301F-11D3-BF4B-00C04F79EFBC}") = "OWML.Utils", "OWML.Utils\OWML.Utils.csproj", "{56FF1172-800A-403B-9480-950536082319}"
EndProject
Project("{FAE04EC0-301F-11D3-BF4B-00C04F79EFBC}") = "OWML.Abstractions", "OWML.Abstractions\OWML.Abstractions.csproj", "{5F3101F5-433C-4C53-B7F5-6CC6C0647F0F}"
EndProject
Global
	GlobalSection(SolutionConfigurationPlatforms) = preSolution
		Debug|Any CPU = Debug|Any CPU
		Release|Any CPU = Release|Any CPU
	EndGlobalSection
	GlobalSection(ProjectConfigurationPlatforms) = postSolution
		{3D1D2815-6487-4E67-AC3D-52AA7283E0C1}.Debug|Any CPU.ActiveCfg = Debug|Any CPU
		{3D1D2815-6487-4E67-AC3D-52AA7283E0C1}.Debug|Any CPU.Build.0 = Debug|Any CPU
		{3D1D2815-6487-4E67-AC3D-52AA7283E0C1}.Release|Any CPU.ActiveCfg = Release|Any CPU
		{3D1D2815-6487-4E67-AC3D-52AA7283E0C1}.Release|Any CPU.Build.0 = Release|Any CPU
		{5D09065B-0FB3-4E50-817B-34F1C290FAF2}.Debug|Any CPU.ActiveCfg = Debug|Any CPU
		{5D09065B-0FB3-4E50-817B-34F1C290FAF2}.Debug|Any CPU.Build.0 = Debug|Any CPU
		{5D09065B-0FB3-4E50-817B-34F1C290FAF2}.Release|Any CPU.ActiveCfg = Release|Any CPU
		{5D09065B-0FB3-4E50-817B-34F1C290FAF2}.Release|Any CPU.Build.0 = Release|Any CPU
		{F3E78951-F1DB-436E-B2D2-9F7AC2CEE7FA}.Debug|Any CPU.ActiveCfg = Debug|Any CPU
		{F3E78951-F1DB-436E-B2D2-9F7AC2CEE7FA}.Debug|Any CPU.Build.0 = Debug|Any CPU
		{F3E78951-F1DB-436E-B2D2-9F7AC2CEE7FA}.Release|Any CPU.ActiveCfg = Release|Any CPU
		{F3E78951-F1DB-436E-B2D2-9F7AC2CEE7FA}.Release|Any CPU.Build.0 = Release|Any CPU
		{A91AC424-521F-4C43-81C7-9363A45DA154}.Debug|Any CPU.ActiveCfg = Debug|Any CPU
		{A91AC424-521F-4C43-81C7-9363A45DA154}.Debug|Any CPU.Build.0 = Debug|Any CPU
		{A91AC424-521F-4C43-81C7-9363A45DA154}.Release|Any CPU.ActiveCfg = Release|Any CPU
		{A91AC424-521F-4C43-81C7-9363A45DA154}.Release|Any CPU.Build.0 = Release|Any CPU
		{75040195-8C9D-41B8-9A92-7643310EDC4C}.Debug|Any CPU.ActiveCfg = Debug|Any CPU
		{75040195-8C9D-41B8-9A92-7643310EDC4C}.Debug|Any CPU.Build.0 = Debug|Any CPU
		{75040195-8C9D-41B8-9A92-7643310EDC4C}.Release|Any CPU.ActiveCfg = Release|Any CPU
		{75040195-8C9D-41B8-9A92-7643310EDC4C}.Release|Any CPU.Build.0 = Release|Any CPU
		{184447B7-9B63-470D-8F88-ACC502806529}.Debug|Any CPU.ActiveCfg = Debug|Any CPU
		{184447B7-9B63-470D-8F88-ACC502806529}.Debug|Any CPU.Build.0 = Debug|Any CPU
		{184447B7-9B63-470D-8F88-ACC502806529}.Release|Any CPU.ActiveCfg = Release|Any CPU
		{184447B7-9B63-470D-8F88-ACC502806529}.Release|Any CPU.Build.0 = Release|Any CPU
		{5204EF83-73F0-43F3-A780-6158BD7C9974}.Debug|Any CPU.ActiveCfg = Debug|Any CPU
		{5204EF83-73F0-43F3-A780-6158BD7C9974}.Debug|Any CPU.Build.0 = Debug|Any CPU
		{5204EF83-73F0-43F3-A780-6158BD7C9974}.Release|Any CPU.ActiveCfg = Release|Any CPU
		{5204EF83-73F0-43F3-A780-6158BD7C9974}.Release|Any CPU.Build.0 = Release|Any CPU
		{56FF1172-800A-403B-9480-950536082319}.Debug|Any CPU.ActiveCfg = Debug|Any CPU
		{56FF1172-800A-403B-9480-950536082319}.Debug|Any CPU.Build.0 = Debug|Any CPU
		{56FF1172-800A-403B-9480-950536082319}.Release|Any CPU.ActiveCfg = Release|Any CPU
		{56FF1172-800A-403B-9480-950536082319}.Release|Any CPU.Build.0 = Release|Any CPU
		{5F3101F5-433C-4C53-B7F5-6CC6C0647F0F}.Debug|Any CPU.ActiveCfg = Debug|Any CPU
		{5F3101F5-433C-4C53-B7F5-6CC6C0647F0F}.Debug|Any CPU.Build.0 = Debug|Any CPU
		{5F3101F5-433C-4C53-B7F5-6CC6C0647F0F}.Release|Any CPU.ActiveCfg = Release|Any CPU
		{5F3101F5-433C-4C53-B7F5-6CC6C0647F0F}.Release|Any CPU.Build.0 = Release|Any CPU
	EndGlobalSection
	GlobalSection(SolutionProperties) = preSolution
		HideSolutionNode = FALSE
	EndGlobalSection
	GlobalSection(NestedProjects) = preSolution
		{3D1D2815-6487-4E67-AC3D-52AA7283E0C1} = {9D2C4998-F90C-4ACC-9E83-97F797DAE8EE}
		{5D09065B-0FB3-4E50-817B-34F1C290FAF2} = {9D2C4998-F90C-4ACC-9E83-97F797DAE8EE}
		{F3E78951-F1DB-436E-B2D2-9F7AC2CEE7FA} = {9D2C4998-F90C-4ACC-9E83-97F797DAE8EE}
		{A91AC424-521F-4C43-81C7-9363A45DA154} = {9D2C4998-F90C-4ACC-9E83-97F797DAE8EE}
		{75040195-8C9D-41B8-9A92-7643310EDC4C} = {9D2C4998-F90C-4ACC-9E83-97F797DAE8EE}
		{184447B7-9B63-470D-8F88-ACC502806529} = {9D2C4998-F90C-4ACC-9E83-97F797DAE8EE}
		{5204EF83-73F0-43F3-A780-6158BD7C9974} = {9D2C4998-F90C-4ACC-9E83-97F797DAE8EE}
		{56FF1172-800A-403B-9480-950536082319} = {9D2C4998-F90C-4ACC-9E83-97F797DAE8EE}
		{5F3101F5-433C-4C53-B7F5-6CC6C0647F0F} = {9D2C4998-F90C-4ACC-9E83-97F797DAE8EE}
	EndGlobalSection
	GlobalSection(ExtensibilityGlobals) = postSolution
		SolutionGuid = {0E767163-75F9-420A-80EB-320429543CAD}
		EnterpriseLibraryConfigurationToolBinariesPath = packages\Unity.2.1.505.2\lib\NET35;packages\Unity.2.1.505.0\lib\NET35
	EndGlobalSection
EndGlobal
