{
    "_meta": {
        "hash": {
            "sha256": "6a331d9e87b779dfbaf5e04208d3708ccc52cab032c5c50049205cdb766a0b2a"
        },
        "pipfile-spec": 6,
        "requires": {
            "python_version": "3.10"
        },
        "sources": [
            {
                "name": "pypi",
                "url": "https://pypi.org/simple",
                "verify_ssl": true
            }
        ]
    },
    "default": {
        "attrs": {
            "hashes": [
                "sha256:1f28b4522cdc2fb4256ac1a020c78acf9cba2c6b461ccd2c126f3aa8e8335d04",
                "sha256:6279836d581513a26f1bf235f9acd333bc9115683f14f7e8fae46c98fc50e015"
            ],
            "markers": "python_version >= '3.7'",
            "version": "==23.1.0"
        },
        "beautifulsoup4": {
            "hashes": [
                "sha256:492bbc69dca35d12daac71c4db1bfff0c876c00ef4a2ffacce226d4638eb72da",
                "sha256:bd2520ca0d9d7d12694a53d44ac482d181b4ec1888909b035a3dbf40d0f57d4a"
            ],
            "markers": "python_version >= '3.6'",
            "version": "==4.12.2"
        },
        "certifi": {
            "hashes": [
                "sha256:0f0d56dc5a6ad56fd4ba36484d6cc34451e1c6548c61daad8c320169f91eddc7",
                "sha256:c6c2e98f5c7869efca1f8916fed228dd91539f9f1b444c314c06eef02980c716"
            ],
            "markers": "python_version >= '3.6'",
            "version": "==2023.5.7"
        },
        "charset-normalizer": {
            "hashes": [
                "sha256:04e57ab9fbf9607b77f7d057974694b4f6b142da9ed4a199859d9d4d5c63fe96",
                "sha256:09393e1b2a9461950b1c9a45d5fd251dc7c6f228acab64da1c9c0165d9c7765c",
                "sha256:0b87549028f680ca955556e3bd57013ab47474c3124dc069faa0b6545b6c9710",
                "sha256:1000fba1057b92a65daec275aec30586c3de2401ccdcd41f8a5c1e2c87078706",
                "sha256:1249cbbf3d3b04902ff081ffbb33ce3377fa6e4c7356f759f3cd076cc138d020",
                "sha256:1920d4ff15ce893210c1f0c0e9d19bfbecb7983c76b33f046c13a8ffbd570252",
                "sha256:193cbc708ea3aca45e7221ae58f0fd63f933753a9bfb498a3b474878f12caaad",
                "sha256:1a100c6d595a7f316f1b6f01d20815d916e75ff98c27a01ae817439ea7726329",
                "sha256:1f30b48dd7fa1474554b0b0f3fdfdd4c13b5c737a3c6284d3cdc424ec0ffff3a",
                "sha256:203f0c8871d5a7987be20c72442488a0b8cfd0f43b7973771640fc593f56321f",
                "sha256:246de67b99b6851627d945db38147d1b209a899311b1305dd84916f2b88526c6",
                "sha256:2dee8e57f052ef5353cf608e0b4c871aee320dd1b87d351c28764fc0ca55f9f4",
                "sha256:2efb1bd13885392adfda4614c33d3b68dee4921fd0ac1d3988f8cbb7d589e72a",
                "sha256:2f4ac36d8e2b4cc1aa71df3dd84ff8efbe3bfb97ac41242fbcfc053c67434f46",
                "sha256:3170c9399da12c9dc66366e9d14da8bf7147e1e9d9ea566067bbce7bb74bd9c2",
                "sha256:3b1613dd5aee995ec6d4c69f00378bbd07614702a315a2cf6c1d21461fe17c23",
                "sha256:3bb3d25a8e6c0aedd251753a79ae98a093c7e7b471faa3aa9a93a81431987ace",
                "sha256:3bb7fda7260735efe66d5107fb7e6af6a7c04c7fce9b2514e04b7a74b06bf5dd",
                "sha256:41b25eaa7d15909cf3ac4c96088c1f266a9a93ec44f87f1d13d4a0e86c81b982",
                "sha256:45de3f87179c1823e6d9e32156fb14c1927fcc9aba21433f088fdfb555b77c10",
                "sha256:46fb8c61d794b78ec7134a715a3e564aafc8f6b5e338417cb19fe9f57a5a9bf2",
                "sha256:48021783bdf96e3d6de03a6e39a1171ed5bd7e8bb93fc84cc649d11490f87cea",
                "sha256:4957669ef390f0e6719db3613ab3a7631e68424604a7b448f079bee145da6e09",
                "sha256:5e86d77b090dbddbe78867a0275cb4df08ea195e660f1f7f13435a4649e954e5",
                "sha256:6339d047dab2780cc6220f46306628e04d9750f02f983ddb37439ca47ced7149",
                "sha256:681eb3d7e02e3c3655d1b16059fbfb605ac464c834a0c629048a30fad2b27489",
                "sha256:6c409c0deba34f147f77efaa67b8e4bb83d2f11c8806405f76397ae5b8c0d1c9",
                "sha256:7095f6fbfaa55defb6b733cfeb14efaae7a29f0b59d8cf213be4e7ca0b857b80",
                "sha256:70c610f6cbe4b9fce272c407dd9d07e33e6bf7b4aa1b7ffb6f6ded8e634e3592",
                "sha256:72814c01533f51d68702802d74f77ea026b5ec52793c791e2da806a3844a46c3",
                "sha256:7a4826ad2bd6b07ca615c74ab91f32f6c96d08f6fcc3902ceeedaec8cdc3bcd6",
                "sha256:7c70087bfee18a42b4040bb9ec1ca15a08242cf5867c58726530bdf3945672ed",
                "sha256:855eafa5d5a2034b4621c74925d89c5efef61418570e5ef9b37717d9c796419c",
                "sha256:8700f06d0ce6f128de3ccdbc1acaea1ee264d2caa9ca05daaf492fde7c2a7200",
                "sha256:89f1b185a01fe560bc8ae5f619e924407efca2191b56ce749ec84982fc59a32a",
                "sha256:8b2c760cfc7042b27ebdb4a43a4453bd829a5742503599144d54a032c5dc7e9e",
                "sha256:8c2f5e83493748286002f9369f3e6607c565a6a90425a3a1fef5ae32a36d749d",
                "sha256:8e098148dd37b4ce3baca71fb394c81dc5d9c7728c95df695d2dca218edf40e6",
                "sha256:94aea8eff76ee6d1cdacb07dd2123a68283cb5569e0250feab1240058f53b623",
                "sha256:95eb302ff792e12aba9a8b8f8474ab229a83c103d74a750ec0bd1c1eea32e669",
                "sha256:9bd9b3b31adcb054116447ea22caa61a285d92e94d710aa5ec97992ff5eb7cf3",
                "sha256:9e608aafdb55eb9f255034709e20d5a83b6d60c054df0802fa9c9883d0a937aa",
                "sha256:a103b3a7069b62f5d4890ae1b8f0597618f628b286b03d4bc9195230b154bfa9",
                "sha256:a386ebe437176aab38c041de1260cd3ea459c6ce5263594399880bbc398225b2",
                "sha256:a38856a971c602f98472050165cea2cdc97709240373041b69030be15047691f",
                "sha256:a401b4598e5d3f4a9a811f3daf42ee2291790c7f9d74b18d75d6e21dda98a1a1",
                "sha256:a7647ebdfb9682b7bb97e2a5e7cb6ae735b1c25008a70b906aecca294ee96cf4",
                "sha256:aaf63899c94de41fe3cf934601b0f7ccb6b428c6e4eeb80da72c58eab077b19a",
                "sha256:b0dac0ff919ba34d4df1b6131f59ce95b08b9065233446be7e459f95554c0dc8",
                "sha256:baacc6aee0b2ef6f3d308e197b5d7a81c0e70b06beae1f1fcacffdbd124fe0e3",
                "sha256:bf420121d4c8dce6b889f0e8e4ec0ca34b7f40186203f06a946fa0276ba54029",
                "sha256:c04a46716adde8d927adb9457bbe39cf473e1e2c2f5d0a16ceb837e5d841ad4f",
                "sha256:c0b21078a4b56965e2b12f247467b234734491897e99c1d51cee628da9786959",
                "sha256:c1c76a1743432b4b60ab3358c937a3fe1341c828ae6194108a94c69028247f22",
                "sha256:c4983bf937209c57240cff65906b18bb35e64ae872da6a0db937d7b4af845dd7",
                "sha256:c4fb39a81950ec280984b3a44f5bd12819953dc5fa3a7e6fa7a80db5ee853952",
                "sha256:c57921cda3a80d0f2b8aec7e25c8aa14479ea92b5b51b6876d975d925a2ea346",
                "sha256:c8063cf17b19661471ecbdb3df1c84f24ad2e389e326ccaf89e3fb2484d8dd7e",
                "sha256:ccd16eb18a849fd8dcb23e23380e2f0a354e8daa0c984b8a732d9cfaba3a776d",
                "sha256:cd6dbe0238f7743d0efe563ab46294f54f9bc8f4b9bcf57c3c666cc5bc9d1299",
                "sha256:d62e51710986674142526ab9f78663ca2b0726066ae26b78b22e0f5e571238dd",
                "sha256:db901e2ac34c931d73054d9797383d0f8009991e723dab15109740a63e7f902a",
                "sha256:e03b8895a6990c9ab2cdcd0f2fe44088ca1c65ae592b8f795c3294af00a461c3",
                "sha256:e1c8a2f4c69e08e89632defbfabec2feb8a8d99edc9f89ce33c4b9e36ab63037",
                "sha256:e4b749b9cc6ee664a3300bb3a273c1ca8068c46be705b6c31cf5d276f8628a94",
                "sha256:e6a5bf2cba5ae1bb80b154ed68a3cfa2fa00fde979a7f50d6598d3e17d9ac20c",
                "sha256:e857a2232ba53ae940d3456f7533ce6ca98b81917d47adc3c7fd55dad8fab858",
                "sha256:ee4006268ed33370957f55bf2e6f4d263eaf4dc3cfc473d1d90baff6ed36ce4a",
                "sha256:eef9df1eefada2c09a5e7a40991b9fc6ac6ef20b1372abd48d2794a316dc0449",
                "sha256:f058f6963fd82eb143c692cecdc89e075fa0828db2e5b291070485390b2f1c9c",
                "sha256:f25c229a6ba38a35ae6e25ca1264621cc25d4d38dca2942a7fce0b67a4efe918",
                "sha256:f2a1d0fd4242bd8643ce6f98927cf9c04540af6efa92323e9d3124f57727bfc1",
                "sha256:f7560358a6811e52e9c4d142d497f1a6e10103d3a6881f18d04dbce3729c0e2c",
                "sha256:f779d3ad205f108d14e99bb3859aa7dd8e9c68874617c72354d7ecaec2a054ac",
                "sha256:f87f746ee241d30d6ed93969de31e5ffd09a2961a051e60ae6bddde9ec3583aa"
            ],
            "markers": "python_version >= '3.7'",
            "version": "==3.2.0"
        },
        "click": {
            "hashes": [
                "sha256:48ee849951919527a045bfe3bf7baa8a959c423134e1a5b98c05c20ba75a1cbd",
                "sha256:fa244bb30b3b5ee2cae3da8f55c9e5e0c0e86093306301fb418eb9dc40fbded5"
            ],
            "markers": "python_version >= '3.7'",
            "version": "==8.1.6"
        },
        "dataclasses-json": {
            "hashes": [
                "sha256:70e28da52e36f4be6b724e1f1e77fbcd19e0e0a6bf9a4c4c6e5abf713d4dab5a",
                "sha256:ece0f002af8d7b19c757c62b82ffb414e4bf49e856471f4070ba06590150c345"
            ],
            "markers": "python_version < '3.12' and python_version >= '3.7'",
            "version": "==0.5.12"
        },
        "elementpath": {
            "hashes": [
                "sha256:e7c6d25546dfb381a2c9cde3b78c0c40f52811e06eb810faf019e16c531a74bf",
                "sha256:f991c42ff66fa06e219141ccf65890261e6635b448e7d4c2d8b62dc5bf1de9e8"
            ],
            "markers": "python_version >= '3.7'",
            "version": "==4.1.4"
        },
        "htmlmin": {
            "hashes": [
                "sha256:50c1ef4630374a5d723900096a961cff426dff46b48f34d194a81bbe14eca178"
            ],
            "version": "==0.1.12"
        },
        "idna": {
            "hashes": [
                "sha256:814f528e8dead7d329833b91c5faa87d60bf71824cd12a7530b5526063d02cb4",
                "sha256:90b77e79eaa3eba6de819a0c442c0b4ceefc341a7a2ab77d7562bf49f425c5c2"
            ],
            "markers": "python_version >= '3.5'",
            "version": "==3.4"
        },
        "jinja2": {
            "hashes": [
                "sha256:31351a702a408a9e7595a8fc6150fc3f43bb6bf7e319770cbc0db9df9437e852",
                "sha256:6088930bfe239f0e6710546ab9c19c9ef35e29792895fed6e6e31a023a182a61"
            ],
            "markers": "python_version >= '3.7'",
            "version": "==3.1.2"
        },
        "json-minify": {
            "hashes": [
                "sha256:268e6966c0f1dcb32ac54e1d047b83deba9ce711c0763ceba63f26d3aeedf656",
                "sha256:499717626144a533d64ed4a1513976cf2212958b6806a66e07dd8e22207df559"
            ],
            "version": "==0.3.0"
        },
        "json-schema-for-humans": {
            "hashes": [
                "sha256:369aacf0a69925e24e6c43bf7145927d7f9668b508f87f773b38d1f9799516e1",
                "sha256:372fc45e2e01a33cd58a36ffecb593250e591443871a41ca25b9542f1e3615b2"
            ],
            "markers": "python_version >= '3.7' and python_version < '4.0'",
            "version": "==0.45.1"
        },
        "jsonschema": {
            "hashes": [
                "sha256:971be834317c22daaa9132340a51c01b50910724082c2c1a2ac87eeec153a3fe",
                "sha256:fb3642735399fa958c0d2aad7057901554596c63349f4f6b283c493cf692a25d"
            ],
            "markers": "python_version >= '3.8'",
            "version": "==4.18.4"
        },
        "jsonschema-specifications": {
            "hashes": [
                "sha256:05adf340b659828a004220a9613be00fa3f223f2b82002e273dee62fd50524b1",
                "sha256:c91a50404e88a1f6ba40636778e2ee08f6e24c5613fe4c53ac24578a5a7f72bb"
            ],
            "markers": "python_version >= '3.8'",
            "version": "==2023.7.1"
        },
        "libsass": {
            "hashes": [
                "sha256:081e256ab3c5f3f09c7b8dea3bf3bf5e64a97c6995fd9eea880639b3f93a9f9a",
                "sha256:3ab5ad18e47db560f4f0c09e3d28cf3bb1a44711257488ac2adad69f4f7f8425",
                "sha256:65455a2728b696b62100eb5932604aa13a29f4ac9a305d95773c14aaa7200aaf",
                "sha256:89c5ce497fcf3aba1dd1b19aae93b99f68257e5f2026b731b00a872f13324c7f",
                "sha256:f1efc1b612299c88aec9e39d6ca0c266d360daa5b19d9430bdeaffffa86993f9"
            ],
            "markers": "python_version >= '3.6'",
            "version": "==0.22.0"
        },
        "markdown": {
            "hashes": [
                "sha256:cbb516f16218e643d8e0a95b309f77eb118cb138d39a4f27851e6a63581db874",
                "sha256:f5da449a6e1c989a4cea2631aa8ee67caa5a2ef855d551c88f9e309f4634c621"
            ],
            "markers": "python_version >= '3.6'",
            "version": "==3.3.7"
        },
        "markdown2": {
            "hashes": [
                "sha256:58e1789543f47cdd4197760b04771671411f07699f958ad40a4b56c55ba3e668",
                "sha256:7a1742dade7ec29b90f5c1d5a820eb977eee597e314c428e6b0aa7929417cd1b"
            ],
            "markers": "python_version >= '3.5' and python_version < '4.0'",
            "version": "==2.4.9"
        },
        "markupsafe": {
            "hashes": [
                "sha256:05fb21170423db021895e1ea1e1f3ab3adb85d1c2333cbc2310f2a26bc77272e",
                "sha256:0a4e4a1aff6c7ac4cd55792abf96c915634c2b97e3cc1c7129578aa68ebd754e",
                "sha256:10bbfe99883db80bdbaff2dcf681dfc6533a614f700da1287707e8a5d78a8431",
                "sha256:134da1eca9ec0ae528110ccc9e48041e0828d79f24121a1a146161103c76e686",
                "sha256:1577735524cdad32f9f694208aa75e422adba74f1baee7551620e43a3141f559",
                "sha256:1b40069d487e7edb2676d3fbdb2b0829ffa2cd63a2ec26c4938b2d34391b4ecc",
                "sha256:282c2cb35b5b673bbcadb33a585408104df04f14b2d9b01d4c345a3b92861c2c",
                "sha256:2c1b19b3aaacc6e57b7e25710ff571c24d6c3613a45e905b1fde04d691b98ee0",
                "sha256:2ef12179d3a291be237280175b542c07a36e7f60718296278d8593d21ca937d4",
                "sha256:338ae27d6b8745585f87218a3f23f1512dbf52c26c28e322dbe54bcede54ccb9",
                "sha256:3c0fae6c3be832a0a0473ac912810b2877c8cb9d76ca48de1ed31e1c68386575",
                "sha256:3fd4abcb888d15a94f32b75d8fd18ee162ca0c064f35b11134be77050296d6ba",
                "sha256:42de32b22b6b804f42c5d98be4f7e5e977ecdd9ee9b660fda1a3edf03b11792d",
                "sha256:504b320cd4b7eff6f968eddf81127112db685e81f7e36e75f9f84f0df46041c3",
                "sha256:525808b8019e36eb524b8c68acdd63a37e75714eac50e988180b169d64480a00",
                "sha256:56d9f2ecac662ca1611d183feb03a3fa4406469dafe241673d521dd5ae92a155",
                "sha256:5bbe06f8eeafd38e5d0a4894ffec89378b6c6a625ff57e3028921f8ff59318ac",
                "sha256:65c1a9bcdadc6c28eecee2c119465aebff8f7a584dd719facdd9e825ec61ab52",
                "sha256:68e78619a61ecf91e76aa3e6e8e33fc4894a2bebe93410754bd28fce0a8a4f9f",
                "sha256:69c0f17e9f5a7afdf2cc9fb2d1ce6aabdb3bafb7f38017c0b77862bcec2bbad8",
                "sha256:6b2b56950d93e41f33b4223ead100ea0fe11f8e6ee5f641eb753ce4b77a7042b",
                "sha256:787003c0ddb00500e49a10f2844fac87aa6ce977b90b0feaaf9de23c22508b24",
                "sha256:7ef3cb2ebbf91e330e3bb937efada0edd9003683db6b57bb108c4001f37a02ea",
                "sha256:8023faf4e01efadfa183e863fefde0046de576c6f14659e8782065bcece22198",
                "sha256:8758846a7e80910096950b67071243da3e5a20ed2546e6392603c096778d48e0",
                "sha256:8afafd99945ead6e075b973fefa56379c5b5c53fd8937dad92c662da5d8fd5ee",
                "sha256:8c41976a29d078bb235fea9b2ecd3da465df42a562910f9022f1a03107bd02be",
                "sha256:8e254ae696c88d98da6555f5ace2279cf7cd5b3f52be2b5cf97feafe883b58d2",
                "sha256:9402b03f1a1b4dc4c19845e5c749e3ab82d5078d16a2a4c2cd2df62d57bb0707",
                "sha256:962f82a3086483f5e5f64dbad880d31038b698494799b097bc59c2edf392fce6",
                "sha256:9dcdfd0eaf283af041973bff14a2e143b8bd64e069f4c383416ecd79a81aab58",
                "sha256:aa7bd130efab1c280bed0f45501b7c8795f9fdbeb02e965371bbef3523627779",
                "sha256:ab4a0df41e7c16a1392727727e7998a467472d0ad65f3ad5e6e765015df08636",
                "sha256:ad9e82fb8f09ade1c3e1b996a6337afac2b8b9e365f926f5a61aacc71adc5b3c",
                "sha256:af598ed32d6ae86f1b747b82783958b1a4ab8f617b06fe68795c7f026abbdcad",
                "sha256:b076b6226fb84157e3f7c971a47ff3a679d837cf338547532ab866c57930dbee",
                "sha256:b7ff0f54cb4ff66dd38bebd335a38e2c22c41a8ee45aa608efc890ac3e3931bc",
                "sha256:bfce63a9e7834b12b87c64d6b155fdd9b3b96191b6bd334bf37db7ff1fe457f2",
                "sha256:c011a4149cfbcf9f03994ec2edffcb8b1dc2d2aede7ca243746df97a5d41ce48",
                "sha256:c9c804664ebe8f83a211cace637506669e7890fec1b4195b505c214e50dd4eb7",
                "sha256:ca379055a47383d02a5400cb0d110cef0a776fc644cda797db0c5696cfd7e18e",
                "sha256:cb0932dc158471523c9637e807d9bfb93e06a95cbf010f1a38b98623b929ef2b",
                "sha256:cd0f502fe016460680cd20aaa5a76d241d6f35a1c3350c474bac1273803893fa",
                "sha256:ceb01949af7121f9fc39f7d27f91be8546f3fb112c608bc4029aef0bab86a2a5",
                "sha256:d080e0a5eb2529460b30190fcfcc4199bd7f827663f858a226a81bc27beaa97e",
                "sha256:dd15ff04ffd7e05ffcb7fe79f1b98041b8ea30ae9234aed2a9168b5797c3effb",
                "sha256:df0be2b576a7abbf737b1575f048c23fb1d769f267ec4358296f31c2479db8f9",
                "sha256:e09031c87a1e51556fdcb46e5bd4f59dfb743061cf93c4d6831bf894f125eb57",
                "sha256:e4dd52d80b8c83fdce44e12478ad2e85c64ea965e75d66dbeafb0a3e77308fcc",
                "sha256:fec21693218efe39aa7f8599346e90c705afa52c5b31ae019b2e57e8f6542bb2"
            ],
            "markers": "python_version >= '3.7'",
            "version": "==2.1.3"
        },
        "marshmallow": {
            "hashes": [
                "sha256:90032c0fd650ce94b6ec6dc8dfeb0e3ff50c144586462c389b81a07205bedb78",
                "sha256:93f0958568da045b0021ec6aeb7ac37c81bfcccbb9a0e7ed8559885070b3a19b"
            ],
            "markers": "python_version >= '3.7'",
            "version": "==3.19.0"
        },
        "menagerie-docs": {
            "hashes": [
                "sha256:9896b6fc9886d85cd03c553adaf3bf328e5652b95bcb7e0c99281641b4f94b2b",
                "sha256:fc4e06c1f8fb5f595967772602ca3cacac3023969446bc5f496b33b901c8c691"
            ],
            "index": "pypi",
            "version": "==0.1.10"
        },
        "more-itertools": {
            "hashes": [
                "sha256:cabaa341ad0389ea83c17a94566a53ae4c9d07349861ecb14dc6d0345cf9ac5d",
                "sha256:d2bc7f02446e86a68911e58ded76d6561eea00cddfb2a91e7019bbb586c799f3"
            ],
            "markers": "python_version >= '3.7'",
            "version": "==9.1.0"
        },
        "mypy-extensions": {
            "hashes": [
                "sha256:4392f6c0eb8a5668a69e23d168ffa70f0be9ccfd32b5cc2d26a34ae5b844552d",
                "sha256:75dbf8955dc00442a438fc4d0666508a9a97b6bd41aa2f0ffe9d2f2725af0782"
            ],
            "markers": "python_version >= '3.5'",
            "version": "==1.0.0"
        },
        "ndicts": {
            "hashes": [
                "sha256:010b0c94180fe89e7e0d5fa89909c4bd7784c52d56908d4d776337c9358378e9",
                "sha256:1a1f31cdb770c037c9cc9bc27a8493e43bfe035a606d3630c2e3d14eabe7bfbf"
            ],
            "markers": "python_version >= '3.8' and python_version < '4.0'",
            "version": "==0.3.0"
        },
        "packaging": {
            "hashes": [
                "sha256:994793af429502c4ea2ebf6bf664629d07c1a9fe974af92966e4b8d2df7edc61",
                "sha256:a392980d2b6cffa644431898be54b0045151319d1e7ec34f0cfed48767dd334f"
            ],
            "markers": "python_version >= '3.7'",
            "version": "==23.1"
        },
        "pillow": {
            "hashes": [
                "sha256:00e65f5e822decd501e374b0650146063fbb30a7264b4d2744bdd7b913e0cab5",
                "sha256:040586f7d37b34547153fa383f7f9aed68b738992380ac911447bb78f2abe530",
                "sha256:0b6eb5502f45a60a3f411c63187db83a3d3107887ad0d036c13ce836f8a36f1d",
                "sha256:1ce91b6ec08d866b14413d3f0bbdea7e24dfdc8e59f562bb77bc3fe60b6144ca",
                "sha256:1f62406a884ae75fb2f818694469519fb685cc7eaff05d3451a9ebe55c646891",
                "sha256:22c10cc517668d44b211717fd9775799ccec4124b9a7f7b3635fc5386e584992",
                "sha256:3400aae60685b06bb96f99a21e1ada7bc7a413d5f49bce739828ecd9391bb8f7",
                "sha256:349930d6e9c685c089284b013478d6f76e3a534e36ddfa912cde493f235372f3",
                "sha256:368ab3dfb5f49e312231b6f27b8820c823652b7cd29cfbd34090565a015e99ba",
                "sha256:38250a349b6b390ee6047a62c086d3817ac69022c127f8a5dc058c31ccef17f3",
                "sha256:3a684105f7c32488f7153905a4e3015a3b6c7182e106fe3c37fbb5ef3e6994c3",
                "sha256:3a82c40d706d9aa9734289740ce26460a11aeec2d9c79b7af87bb35f0073c12f",
                "sha256:3b08d4cc24f471b2c8ca24ec060abf4bebc6b144cb89cba638c720546b1cf538",
                "sha256:3ed64f9ca2f0a95411e88a4efbd7a29e5ce2cea36072c53dd9d26d9c76f753b3",
                "sha256:3f07ea8d2f827d7d2a49ecf1639ec02d75ffd1b88dcc5b3a61bbb37a8759ad8d",
                "sha256:520f2a520dc040512699f20fa1c363eed506e94248d71f85412b625026f6142c",
                "sha256:5c6e3df6bdd396749bafd45314871b3d0af81ff935b2d188385e970052091017",
                "sha256:608bfdee0d57cf297d32bcbb3c728dc1da0907519d1784962c5f0c68bb93e5a3",
                "sha256:685ac03cc4ed5ebc15ad5c23bc555d68a87777586d970c2c3e216619a5476223",
                "sha256:76de421f9c326da8f43d690110f0e79fe3ad1e54be811545d7d91898b4c8493e",
                "sha256:76edb0a1fa2b4745fb0c99fb9fb98f8b180a1bbceb8be49b087e0b21867e77d3",
                "sha256:7be600823e4c8631b74e4a0d38384c73f680e6105a7d3c6824fcf226c178c7e6",
                "sha256:81ff539a12457809666fef6624684c008e00ff6bf455b4b89fd00a140eecd640",
                "sha256:88af2003543cc40c80f6fca01411892ec52b11021b3dc22ec3bc9d5afd1c5334",
                "sha256:8c11160913e3dd06c8ffdb5f233a4f254cb449f4dfc0f8f4549eda9e542c93d1",
                "sha256:8f8182b523b2289f7c415f589118228d30ac8c355baa2f3194ced084dac2dbba",
                "sha256:9211e7ad69d7c9401cfc0e23d49b69ca65ddd898976d660a2fa5904e3d7a9baa",
                "sha256:92be919bbc9f7d09f7ae343c38f5bb21c973d2576c1d45600fce4b74bafa7ac0",
                "sha256:9c82b5b3e043c7af0d95792d0d20ccf68f61a1fec6b3530e718b688422727396",
                "sha256:9f7c16705f44e0504a3a2a14197c1f0b32a95731d251777dcb060aa83022cb2d",
                "sha256:9fb218c8a12e51d7ead2a7c9e101a04982237d4855716af2e9499306728fb485",
                "sha256:a74ba0c356aaa3bb8e3eb79606a87669e7ec6444be352870623025d75a14a2bf",
                "sha256:b4f69b3700201b80bb82c3a97d5e9254084f6dd5fb5b16fc1a7b974260f89f43",
                "sha256:bc2ec7c7b5d66b8ec9ce9f720dbb5fa4bace0f545acd34870eff4a369b44bf37",
                "sha256:c189af0545965fa8d3b9613cfdb0cd37f9d71349e0f7750e1fd704648d475ed2",
                "sha256:c1fbe7621c167ecaa38ad29643d77a9ce7311583761abf7836e1510c580bf3dd",
                "sha256:c7cf14a27b0d6adfaebb3ae4153f1e516df54e47e42dcc073d7b3d76111a8d86",
                "sha256:c9f72a021fbb792ce98306ffb0c348b3c9cb967dce0f12a49aa4c3d3fdefa967",
                "sha256:cd25d2a9d2b36fcb318882481367956d2cf91329f6892fe5d385c346c0649629",
                "sha256:ce543ed15570eedbb85df19b0a1a7314a9c8141a36ce089c0a894adbfccb4568",
                "sha256:ce7b031a6fc11365970e6a5686d7ba8c63e4c1cf1ea143811acbb524295eabed",
                "sha256:d35e3c8d9b1268cbf5d3670285feb3528f6680420eafe35cccc686b73c1e330f",
                "sha256:d50b6aec14bc737742ca96e85d6d0a5f9bfbded018264b3b70ff9d8c33485551",
                "sha256:d5d0dae4cfd56969d23d94dc8e89fb6a217be461c69090768227beb8ed28c0a3",
                "sha256:d5db32e2a6ccbb3d34d87c87b432959e0db29755727afb37290e10f6e8e62614",
                "sha256:d72e2ecc68a942e8cf9739619b7f408cc7b272b279b56b2c83c6123fcfa5cdff",
                "sha256:d737a602fbd82afd892ca746392401b634e278cb65d55c4b7a8f48e9ef8d008d",
                "sha256:d80cf684b541685fccdd84c485b31ce73fc5c9b5d7523bf1394ce134a60c6883",
                "sha256:db24668940f82321e746773a4bc617bfac06ec831e5c88b643f91f122a785684",
                "sha256:dbc02381779d412145331789b40cc7b11fdf449e5d94f6bc0b080db0a56ea3f0",
                "sha256:dffe31a7f47b603318c609f378ebcd57f1554a3a6a8effbc59c3c69f804296de",
                "sha256:edf4392b77bdc81f36e92d3a07a5cd072f90253197f4a52a55a8cec48a12483b",
                "sha256:efe8c0681042536e0d06c11f48cebe759707c9e9abf880ee213541c5b46c5bf3",
                "sha256:f31f9fdbfecb042d046f9d91270a0ba28368a723302786c0009ee9b9f1f60199",
                "sha256:f88a0b92277de8e3ca715a0d79d68dc82807457dae3ab8699c758f07c20b3c51",
                "sha256:faaf07ea35355b01a35cb442dd950d8f1bb5b040a7787791a535de13db15ed90"
            ],
            "markers": "python_version >= '3.8'",
            "version": "==10.0.0"
        },
        "pygments": {
            "hashes": [
                "sha256:77a3299119af881904cd5ecd1ac6a66214b6e9bed1f2db16993b54adede64094",
                "sha256:f7e36cffc4c517fbc252861b9a6e4644ca0e5abadf9a113c72d1358ad09b9500"
            ],
            "index": "pypi",
            "version": "==2.15.0"
        },
        "pytz": {
            "hashes": [
                "sha256:1d8ce29db189191fb55338ee6d0387d82ab59f3d00eac103412d64e0ebd0c588",
                "sha256:a151b3abb88eda1d4e34a9814df37de2a80e301e68ba0fd856fb9b46bfbbbffb"
            ],
            "version": "==2023.3"
        },
        "pyyaml": {
            "hashes": [
                "sha256:062582fca9fabdd2c8b54a3ef1c978d786e0f6b3a1510e0ac93ef59e0ddae2bc",
                "sha256:1635fd110e8d85d55237ab316b5b011de701ea0f29d07611174a1b42f1444741",
                "sha256:184c5108a2aca3c5b3d3bf9395d50893a7ab82a38004c8f61c258d4428e80206",
                "sha256:18aeb1bf9a78867dc38b259769503436b7c72f7a1f1f4c93ff9a17de54319b27",
                "sha256:1d4c7e777c441b20e32f52bd377e0c409713e8bb1386e1099c2415f26e479595",
                "sha256:1e2722cc9fbb45d9b87631ac70924c11d3a401b2d7f410cc0e3bbf249f2dca62",
                "sha256:1fe35611261b29bd1de0070f0b2f47cb6ff71fa6595c077e42bd0c419fa27b98",
                "sha256:28c119d996beec18c05208a8bd78cbe4007878c6dd15091efb73a30e90539696",
                "sha256:42f8152b8dbc4fe7d96729ec2b99c7097d656dc1213a3229ca5383f973a5ed6d",
                "sha256:4fb147e7a67ef577a588a0e2c17b6db51dda102c71de36f8549b6816a96e1867",
                "sha256:50550eb667afee136e9a77d6dc71ae76a44df8b3e51e41b77f6de2932bfe0f47",
                "sha256:510c9deebc5c0225e8c96813043e62b680ba2f9c50a08d3724c7f28a747d1486",
                "sha256:5773183b6446b2c99bb77e77595dd486303b4faab2b086e7b17bc6bef28865f6",
                "sha256:596106435fa6ad000c2991a98fa58eeb8656ef2325d7e158344fb33864ed87e3",
                "sha256:6965a7bc3cf88e5a1c3bd2e0b5c22f8d677dc88a455344035f03399034eb3007",
                "sha256:69b023b2b4daa7548bcfbd4aa3da05b3a74b772db9e23b982788168117739938",
                "sha256:704219a11b772aea0d8ecd7058d0082713c3562b4e271b849ad7dc4a5c90c13c",
                "sha256:7e07cbde391ba96ab58e532ff4803f79c4129397514e1413a7dc761ccd755735",
                "sha256:81e0b275a9ecc9c0c0c07b4b90ba548307583c125f54d5b6946cfee6360c733d",
                "sha256:9046c58c4395dff28dd494285c82ba00b546adfc7ef001486fbf0324bc174fba",
                "sha256:9eb6caa9a297fc2c2fb8862bc5370d0303ddba53ba97e71f08023b6cd73d16a8",
                "sha256:a0cd17c15d3bb3fa06978b4e8958dcdc6e0174ccea823003a106c7d4d7899ac5",
                "sha256:afd7e57eddb1a54f0f1a974bc4391af8bcce0b444685d936840f125cf046d5bd",
                "sha256:b1275ad35a5d18c62a7220633c913e1b42d44b46ee12554e5fd39c70a243d6a3",
                "sha256:b786eecbdf8499b9ca1d697215862083bd6d2a99965554781d0d8d1ad31e13a0",
                "sha256:ba336e390cd8e4d1739f42dfe9bb83a3cc2e80f567d8805e11b46f4a943f5515",
                "sha256:baa90d3f661d43131ca170712d903e6295d1f7a0f595074f151c0aed377c9b9c",
                "sha256:bc1bf2925a1ecd43da378f4db9e4f799775d6367bdb94671027b73b393a7c42c",
                "sha256:bd4af7373a854424dabd882decdc5579653d7868b8fb26dc7d0e99f823aa5924",
                "sha256:bf07ee2fef7014951eeb99f56f39c9bb4af143d8aa3c21b1677805985307da34",
                "sha256:bfdf460b1736c775f2ba9f6a92bca30bc2095067b8a9d77876d1fad6cc3b4a43",
                "sha256:c8098ddcc2a85b61647b2590f825f3db38891662cfc2fc776415143f599bb859",
                "sha256:d2b04aac4d386b172d5b9692e2d2da8de7bfb6c387fa4f801fbf6fb2e6ba4673",
                "sha256:d858aa552c999bc8a8d57426ed01e40bef403cd8ccdd0fc5f6f04a00414cac2a",
                "sha256:f003ed9ad21d6a4713f0a9b5a7a0a79e08dd0f221aff4525a2be4c346ee60aab",
                "sha256:f22ac1c3cac4dbc50079e965eba2c1058622631e526bd9afd45fedd49ba781fa",
                "sha256:faca3bdcf85b2fc05d06ff3fbc1f83e1391b3e724afa3feba7d13eeab355484c",
                "sha256:fca0e3a251908a499833aa292323f32437106001d436eca0e6e7833256674585",
                "sha256:fd1592b3fdf65fff2ad0004b5e363300ef59ced41c2e6b3a99d4089fa8c5435d",
                "sha256:fd66fc5d0da6d9815ba2cebeb4205f95818ff4b79c3ebe268e75d961704af52f"
            ],
            "markers": "python_version >= '3.6'",
            "version": "==6.0.1"
        },
        "rcssmin": {
            "hashes": [
                "sha256:271e3d2f8614a6d4637ed8fff3d90007f03e2a654cd9444f37d888797662ba72",
                "sha256:35da6a6999e9e2c5b0e691b42ed56cc479373e0ecab33ef5277dfecce625e44a",
                "sha256:42576d95dfad53d77df2e68dfdec95b89b10fad320f241f1af3ca1438578254a",
                "sha256:4f9400b4366d29f5f5446f58e78549afa8338e6a59740c73115e9f6ac413dc64",
                "sha256:705c9112d0ed54ea40aecf97e7fd29bdf0f1c46d278a32d8f957f31dde90778a",
                "sha256:79421230dd67c37ec61ed9892813d2b839b68f2f48ef55c75f976e81701d60b4",
                "sha256:868215e1fd0e92a6122e0ed5973dfc7bb8330fe1e92274d05b2585253b38c0ca",
                "sha256:8a26fec3c1e6b7a3765ccbaccc20fbb5c0ed3422cc381e01a2607f08d7621c44",
                "sha256:8fcfd10ae2a1c4ce231a33013f2539e07c3836bf17cc945cc25cc30bf8e68e45",
                "sha256:908fe072efd2432fb0975a61124609a8e05021367f6a3463d45f5e3e74c4fdda",
                "sha256:914e589f40573035006913861ed2adc28fbe70082a8b6bff5be7ee430b7b5c2e",
                "sha256:a04d58a2a21e9a089306d3f99c4b12bf5b656a79c198ef2321e80f8fd9afab06",
                "sha256:a417735d4023d47d048a6288c88dbceadd20abaaf65a11bb4fda1e8458057019",
                "sha256:c30f8bc839747b6da59274e0c6e4361915d66532e26448d589cb2b1846d7bf11",
                "sha256:c7278c1c25bb90d8e554df92cfb3b6a1195004ead50f764653d3093933ee0877",
                "sha256:c7728e3b546b1b6ea08cab721e8e21409dbcc11b881d0b87d10b0be8930af2a2",
                "sha256:cf74d7ea5e191f0f344b354eed8b7c83eeafbd9a97bec3a579c3d26edf11b005",
                "sha256:d0afc6e7b64ef30d6dcde88830ec1a237b9f16a39f920a8fd159928684ccf8db",
                "sha256:d4e263fa9428704fd94c2cb565c7519ca1d225217943f71caffe6741ab5b9df1",
                "sha256:e923c105100ab70abde1c01d3196ddd6b07255e32073685542be4e3a60870c8e",
                "sha256:ee386bec6d62f8c814d65c011d604a7c82d24aa3f718facd66e850eea8d6a5a1",
                "sha256:f15673e97f0a68b4c378c4d15b088fe96d60bc106d278c88829923118833c20f",
                "sha256:f7a1fcdbafaacac0530da04edca4a44303baab430ea42e7d59aece4b3f3e9a51"
            ],
            "version": "==1.1.1"
        },
        "referencing": {
            "hashes": [
                "sha256:47237742e990457f7512c7d27486394a9aadaf876cbfaa4be65b27b4f4d47c6b",
                "sha256:c257b08a399b6c2f5a3510a50d28ab5dbc7bbde049bcaf954d43c446f83ab548"
            ],
            "markers": "python_version >= '3.8'",
            "version": "==0.30.0"
        },
        "requests": {
            "hashes": [
                "sha256:58cd2187c01e70e6e26505bca751777aa9f2ee0b7f4300988b709f44e013003f",
                "sha256:942c5a758f98d790eaed1a29cb6eefc7ffb0d1cf7af05c3d2791656dbd6ad1e1"
            ],
            "markers": "python_version >= '3.7'",
            "version": "==2.31.0"
        },
        "rjsmin": {
            "hashes": [
                "sha256:113132a40ce7d03b2ced4fac215f0297338ed1c207394b739266efab7831988b",
                "sha256:122aa52bcf7ad9f12728d309012d1308c6ecfe4d6b09ea867a110dcad7b7728c",
                "sha256:145c6af8df42d8af102d0d39a6de2e5fa66aef9e38947cfb9d65377d1b9940b2",
                "sha256:1f982be8e011438777a94307279b40134a3935fc0f079312ee299725b8af5411",
                "sha256:3453ee6d5e7a2723ec45c2909e2382371783400e8d51952b692884c6d850a3d0",
                "sha256:35827844d2085bd59d34214dfba6f1fc42a215c455887437b07dbf9c73019cc1",
                "sha256:35f21046504544e2941e04190ce24161255479133751550e36ddb3f4af0ecdca",
                "sha256:5d67ec09da46a492186e35cabca02a0d092eda5ef5b408a419b99ee4acf28d5c",
                "sha256:747bc9d3bc8a220f40858e6aad50b2ae2eb7f69c924d4fa3803b81be1c1ddd02",
                "sha256:7dd58b5ed88233bc61dc80b0ed87b93a1786031d9977c70d335221ef1ac5581a",
                "sha256:812af25c08d6a5ae98019a2e1b47ebb47f7469abd351670c353d619eaeae4064",
                "sha256:8a6710e358c661dcdcfd027e67de3afd72a6af4c88101dcf110de39e9bbded39",
                "sha256:8c340e251619c97571a5ade20f147f1f7e8664f66a2d6d7319e05e3ef6a4423c",
                "sha256:99c074cd6a8302ff47118a9c3d086f89328dc8e5c4b105aa1f348fb85c765a30",
                "sha256:b8464629a18fe69f70677854c93a3707976024b226a0ce62707c618f923e1346",
                "sha256:bbd7a0abaa394afd951f5d4e05249d306fec1c9674bfee179787674dddd0bdb7",
                "sha256:bc5bc2f94e59bc81562c572b7f1bdd6bcec4f61168dc68a2993bad2d355b6e19",
                "sha256:bd1faedc425006d9e86b23837d164f01d105b7a8b66b767a9766d0014773db2a",
                "sha256:ca90630b84fe94bb07739c3e3793e87d30c6ee450dde08653121f0d9153c8d0d",
                "sha256:d332e44a1b21ad63401cc7eebc81157e3d982d5fb503bb4faaea5028068d71e9",
                "sha256:eb770aaf637919b0011c4eb87b9ac6317079fb9800eb17c90dda05fc9de4ebc3",
                "sha256:f0895b360dccf7e2d6af8762a52985e3fbaa56778de1bf6b20dbc96134253807",
                "sha256:f7cd33602ec0f393a0058e883284496bb4dbbdd34e0bbe23b594c8933ddf9b65"
            ],
            "version": "==1.2.1"
        },
        "rpds-py": {
            "hashes": [
                "sha256:0173c0444bec0a3d7d848eaeca2d8bd32a1b43f3d3fde6617aac3731fa4be05f",
                "sha256:01899794b654e616c8625b194ddd1e5b51ef5b60ed61baa7a2d9c2ad7b2a4238",
                "sha256:02938432352359805b6da099c9c95c8a0547fe4b274ce8f1a91677401bb9a45f",
                "sha256:03421628f0dc10a4119d714a17f646e2837126a25ac7a256bdf7c3943400f67f",
                "sha256:03975db5f103997904c37e804e5f340c8fdabbb5883f26ee50a255d664eed58c",
                "sha256:0766babfcf941db8607bdaf82569ec38107dbb03c7f0b72604a0b346b6eb3298",
                "sha256:07e2c54bef6838fa44c48dfbc8234e8e2466d851124b551fc4e07a1cfeb37260",
                "sha256:0836d71ca19071090d524739420a61580f3f894618d10b666cf3d9a1688355b1",
                "sha256:095b460e117685867d45548fbd8598a8d9999227e9061ee7f012d9d264e6048d",
                "sha256:0e7521f5af0233e89939ad626b15278c71b69dc1dfccaa7b97bd4cdf96536bb7",
                "sha256:0f2996fbac8e0b77fd67102becb9229986396e051f33dbceada3debaacc7033f",
                "sha256:1054a08e818f8e18910f1bee731583fe8f899b0a0a5044c6e680ceea34f93876",
                "sha256:13b602dc3e8dff3063734f02dcf05111e887f301fdda74151a93dbbc249930fe",
                "sha256:141acb9d4ccc04e704e5992d35472f78c35af047fa0cfae2923835d153f091be",
                "sha256:14c408e9d1a80dcb45c05a5149e5961aadb912fff42ca1dd9b68c0044904eb32",
                "sha256:159fba751a1e6b1c69244e23ba6c28f879a8758a3e992ed056d86d74a194a0f3",
                "sha256:190ca6f55042ea4649ed19c9093a9be9d63cd8a97880106747d7147f88a49d18",
                "sha256:196cb208825a8b9c8fc360dc0f87993b8b260038615230242bf18ec84447c08d",
                "sha256:1fcdee18fea97238ed17ab6478c66b2095e4ae7177e35fb71fbe561a27adf620",
                "sha256:207f57c402d1f8712618f737356e4b6f35253b6d20a324d9a47cb9f38ee43a6b",
                "sha256:24a81c177379300220e907e9b864107614b144f6c2a15ed5c3450e19cf536fae",
                "sha256:29cd8bfb2d716366a035913ced99188a79b623a3512292963d84d3e06e63b496",
                "sha256:2d8b3b3a2ce0eaa00c5bbbb60b6713e94e7e0becab7b3db6c5c77f979e8ed1f1",
                "sha256:35da5cc5cb37c04c4ee03128ad59b8c3941a1e5cd398d78c37f716f32a9b7f67",
                "sha256:44659b1f326214950a8204a248ca6199535e73a694be8d3e0e869f820767f12f",
                "sha256:47c5f58a8e0c2c920cc7783113df2fc4ff12bf3a411d985012f145e9242a2764",
                "sha256:4bd4dc3602370679c2dfb818d9c97b1137d4dd412230cfecd3c66a1bf388a196",
                "sha256:4ea6b73c22d8182dff91155af018b11aac9ff7eca085750455c5990cb1cfae6e",
                "sha256:50025635ba8b629a86d9d5474e650da304cb46bbb4d18690532dd79341467846",
                "sha256:517cbf6e67ae3623c5127206489d69eb2bdb27239a3c3cc559350ef52a3bbf0b",
                "sha256:5855c85eb8b8a968a74dc7fb014c9166a05e7e7a8377fb91d78512900aadd13d",
                "sha256:5a46859d7f947061b4010e554ccd1791467d1b1759f2dc2ec9055fa239f1bc26",
                "sha256:65a0583c43d9f22cb2130c7b110e695fff834fd5e832a776a107197e59a1898e",
                "sha256:674c704605092e3ebbbd13687b09c9f78c362a4bc710343efe37a91457123044",
                "sha256:682726178138ea45a0766907957b60f3a1bf3acdf212436be9733f28b6c5af3c",
                "sha256:686ba516e02db6d6f8c279d1641f7067ebb5dc58b1d0536c4aaebb7bf01cdc5d",
                "sha256:6a5d3fbd02efd9cf6a8ffc2f17b53a33542f6b154e88dd7b42ef4a4c0700fdad",
                "sha256:6aa8326a4a608e1c28da191edd7c924dff445251b94653988efb059b16577a4d",
                "sha256:700375326ed641f3d9d32060a91513ad668bcb7e2cffb18415c399acb25de2ab",
                "sha256:71f2f7715935a61fa3e4ae91d91b67e571aeb5cb5d10331ab681256bda2ad920",
                "sha256:745f5a43fdd7d6d25a53ab1a99979e7f8ea419dfefebcab0a5a1e9095490ee5e",
                "sha256:79f594919d2c1a0cc17d1988a6adaf9a2f000d2e1048f71f298b056b1018e872",
                "sha256:7d68dc8acded354c972116f59b5eb2e5864432948e098c19fe6994926d8e15c3",
                "sha256:7f67da97f5b9eac838b6980fc6da268622e91f8960e083a34533ca710bec8611",
                "sha256:83b32f0940adec65099f3b1c215ef7f1d025d13ff947975a055989cb7fd019a4",
                "sha256:876bf9ed62323bc7dcfc261dbc5572c996ef26fe6406b0ff985cbcf460fc8a4c",
                "sha256:890ba852c16ace6ed9f90e8670f2c1c178d96510a21b06d2fa12d8783a905193",
                "sha256:8b08605d248b974eb02f40bdcd1a35d3924c83a2a5e8f5d0fa5af852c4d960af",
                "sha256:8b2eb034c94b0b96d5eddb290b7b5198460e2d5d0c421751713953a9c4e47d10",
                "sha256:8b9ec12ad5f0a4625db34db7e0005be2632c1013b253a4a60e8302ad4d462afd",
                "sha256:8c8d7594e38cf98d8a7df25b440f684b510cf4627fe038c297a87496d10a174f",
                "sha256:8d3335c03100a073883857e91db9f2e0ef8a1cf42dc0369cbb9151c149dbbc1b",
                "sha256:8d70e8f14900f2657c249ea4def963bed86a29b81f81f5b76b5a9215680de945",
                "sha256:9039a11bca3c41be5a58282ed81ae422fa680409022b996032a43badef2a3752",
                "sha256:91378d9f4151adc223d584489591dbb79f78814c0734a7c3bfa9c9e09978121c",
                "sha256:9251eb8aa82e6cf88510530b29eef4fac825a2b709baf5b94a6094894f252387",
                "sha256:933a7d5cd4b84f959aedeb84f2030f0a01d63ae6cf256629af3081cf3e3426e8",
                "sha256:978fa96dbb005d599ec4fd9ed301b1cc45f1a8f7982d4793faf20b404b56677d",
                "sha256:987b06d1cdb28f88a42e4fb8a87f094e43f3c435ed8e486533aea0bf2e53d931",
                "sha256:99b1c16f732b3a9971406fbfe18468592c5a3529585a45a35adbc1389a529a03",
                "sha256:99e7c4bb27ff1aab90dcc3e9d37ee5af0231ed98d99cb6f5250de28889a3d502",
                "sha256:9c439fd54b2b9053717cca3de9583be6584b384d88d045f97d409f0ca867d80f",
                "sha256:9ea4d00850ef1e917815e59b078ecb338f6a8efda23369677c54a5825dbebb55",
                "sha256:9f30d205755566a25f2ae0382944fcae2f350500ae4df4e795efa9e850821d82",
                "sha256:a06418fe1155e72e16dddc68bb3780ae44cebb2912fbd8bb6ff9161de56e1798",
                "sha256:a0805911caedfe2736935250be5008b261f10a729a303f676d3d5fea6900c96a",
                "sha256:a1f044792e1adcea82468a72310c66a7f08728d72a244730d14880cd1dabe36b",
                "sha256:a216b26e5af0a8e265d4efd65d3bcec5fba6b26909014effe20cd302fd1138fa",
                "sha256:a987578ac5214f18b99d1f2a3851cba5b09f4a689818a106c23dbad0dfeb760f",
                "sha256:aad51239bee6bff6823bbbdc8ad85136c6125542bbc609e035ab98ca1e32a192",
                "sha256:ab2299e3f92aa5417d5e16bb45bb4586171c1327568f638e8453c9f8d9e0f020",
                "sha256:ab6919a09c055c9b092798ce18c6c4adf49d24d4d9e43a92b257e3f2548231e7",
                "sha256:b0c43f8ae8f6be1d605b0465671124aa8d6a0e40f1fb81dcea28b7e3d87ca1e1",
                "sha256:b1440c291db3f98a914e1afd9d6541e8fc60b4c3aab1a9008d03da4651e67386",
                "sha256:b52e7c5ae35b00566d244ffefba0f46bb6bec749a50412acf42b1c3f402e2c90",
                "sha256:bf4151acb541b6e895354f6ff9ac06995ad9e4175cbc6d30aaed08856558201f",
                "sha256:c27ee01a6c3223025f4badd533bea5e87c988cb0ba2811b690395dfe16088cfe",
                "sha256:c545d9d14d47be716495076b659db179206e3fd997769bc01e2d550eeb685596",
                "sha256:c5934e2833afeaf36bd1eadb57256239785f5af0220ed8d21c2896ec4d3a765f",
                "sha256:c7671d45530fcb6d5e22fd40c97e1e1e01965fc298cbda523bb640f3d923b387",
                "sha256:c861a7e4aef15ff91233751619ce3a3d2b9e5877e0fcd76f9ea4f6847183aa16",
                "sha256:d25b1c1096ef0447355f7293fbe9ad740f7c47ae032c2884113f8e87660d8f6e",
                "sha256:d55777a80f78dd09410bd84ff8c95ee05519f41113b2df90a69622f5540c4f8b",
                "sha256:d576c3ef8c7b2d560e301eb33891d1944d965a4d7a2eacb6332eee8a71827db6",
                "sha256:dd9da77c6ec1f258387957b754f0df60766ac23ed698b61941ba9acccd3284d1",
                "sha256:de0b6eceb46141984671802d412568d22c6bacc9b230174f9e55fc72ef4f57de",
                "sha256:e07e5dbf8a83c66783a9fe2d4566968ea8c161199680e8ad38d53e075df5f0d0",
                "sha256:e564d2238512c5ef5e9d79338ab77f1cbbda6c2d541ad41b2af445fb200385e3",
                "sha256:ed89861ee8c8c47d6beb742a602f912b1bb64f598b1e2f3d758948721d44d468",
                "sha256:ef1f08f2a924837e112cba2953e15aacfccbbfcd773b4b9b4723f8f2ddded08e",
                "sha256:f411330a6376fb50e5b7a3e66894e4a39e60ca2e17dce258d53768fea06a37bd",
                "sha256:f68996a3b3dc9335037f82754f9cdbe3a95db42bde571d8c3be26cc6245f2324",
                "sha256:f7fdf55283ad38c33e35e2855565361f4bf0abd02470b8ab28d499c663bc5d7c",
                "sha256:f963c6b1218b96db85fc37a9f0851eaf8b9040aa46dec112611697a7023da535",
                "sha256:fa2818759aba55df50592ecbc95ebcdc99917fa7b55cc6796235b04193eb3c55",
                "sha256:fae5cb554b604b3f9e2c608241b5d8d303e410d7dfb6d397c335f983495ce7f6",
                "sha256:fb39aca7a64ad0c9490adfa719dbeeb87d13be137ca189d2564e596f8ba32c07"
            ],
            "markers": "python_version >= '3.8'",
            "version": "==0.9.2"
        },
        "soupsieve": {
            "hashes": [
                "sha256:1c1bfee6819544a3447586c889157365a27e10d88cde3ad3da0cf0ddf646feb8",
                "sha256:89d12b2d5dfcd2c9e8c22326da9d9aa9cb3dfab0a83a024f05704076ee8d35ea"
            ],
            "markers": "python_version >= '3.7'",
            "version": "==2.4.1"
        },
        "typing-extensions": {
            "hashes": [
                "sha256:440d5dd3af93b060174bf433bccd69b0babc3b15b1a8dca43789fd7f61514b36",
                "sha256:b75ddc264f0ba5615db7ba217daeb99701ad295353c45f9e95963337ceeeffb2"
            ],
            "markers": "python_version >= '3.7'",
            "version": "==4.7.1"
        },
        "typing-inspect": {
            "hashes": [
                "sha256:9ee6fc59062311ef8547596ab6b955e1b8aa46242d854bfc78f4f6b0eff35f9f",
                "sha256:b23fc42ff6f6ef6954e4852c1fb512cdd18dbea03134f91f856a95ccc9461f78"
            ],
            "version": "==0.9.0"
        },
        "urllib3": {
            "hashes": [
                "sha256:8d22f86aae8ef5e410d4f539fde9ce6b2113a001bb4d189e0aed70642d602b11",
                "sha256:de7df1803967d2c2a98e4b11bb7d6bd9210474c46e8a0401514e3a42a75ebde4"
            ],
            "markers": "python_version >= '3.7'",
            "version": "==2.0.4"
        },
        "xmlschema": {
            "hashes": [
                "sha256:2eb426c5710833a05610c22c8766713a1b87e9405e3eca0b7c658375bf7ec810",
                "sha256:eac0e10957723689ff0691785da4ffee1e95df3a874e685a179047f7bf07f8fb"
            ],
            "markers": "python_version >= '3.7'",
            "version": "==2.3.1"
        }
    },
    "develop": {}
}
